
Microsoft Visual Studio Solution File, Format Version 12.00
# Visual Studio Version 16
VisualStudioVersion = 16.0.30503.244
MinimumVisualStudioVersion = 10.0.40219.1
Project("{FAE04EC0-301F-11D3-BF4B-00C04F79EFBC}") = "IMC", "IMC\IMC.csproj", "{549EA2CB-B311-4D66-94D9-BC04817E0A91}"
EndProject
Global
	GlobalSection(SolutionConfigurationPlatforms) = preSolution
		Debug|Any CPU = Debug|Any CPU
		Release|Any CPU = Release|Any CPU
	EndGlobalSection
	GlobalSection(ProjectConfigurationPlatforms) = postSolution
		{549EA2CB-B311-4D66-94D9-BC04817E0A91}.Debug|Any CPU.ActiveCfg = Debug|Any CPU
		{549EA2CB-B311-4D66-94D9-BC04817E0A91}.Debug|Any CPU.Build.0 = Debug|Any CPU
		{549EA2CB-B311-4D66-94D9-BC04817E0A91}.Release|Any CPU.ActiveCfg = Release|Any CPU
		{549EA2CB-B311-4D66-94D9-BC04817E0A91}.Release|Any CPU.Build.0 = Release|Any CPU
	EndGlobalSection
	GlobalSection(SolutionProperties) = preSolution
		HideSolutionNode = FALSE
	EndGlobalSection
	GlobalSection(ExtensibilityGlobals) = postSolution
		SolutionGuid = {B22B396C-0B37-4931-8041-CFD60FCAE3E3}
	EndGlobalSection
EndGlobal
